
Microsoft Visual Studio Solution File, Format Version 12.00
# Visual Studio Version 16
VisualStudioVersion = 16.6.30114.105
MinimumVisualStudioVersion = 10.0.40219.1
Project("{FAE04EC0-301F-11D3-BF4B-00C04F79EFBC}") = "API", "API\API.csproj", "{D19B958F-2AFE-4C79-8FC3-7D8C3982921F}"
EndProject
Project("{FAE04EC0-301F-11D3-BF4B-00C04F79EFBC}") = "Application", "Application\Application.csproj", "{A8BFBC0F-8C47-48DD-9084-5B1C557471AA}"
EndProject
Project("{FAE04EC0-301F-11D3-BF4B-00C04F79EFBC}") = "Persistence", "Persistence\Persistence.csproj", "{7809EA34-D3DB-4F11-A2F2-9CD6826A888F}"
EndProject
Project("{FAE04EC0-301F-11D3-BF4B-00C04F79EFBC}") = "Domain", "Domain\Domain.csproj", "{D5A77D84-B9D6-4CDD-A8A8-272096479C2F}"
EndProject
Global
	GlobalSection(SolutionConfigurationPlatforms) = preSolution
		Debug|Any CPU = Debug|Any CPU
		Debug|x64 = Debug|x64
		Debug|x86 = Debug|x86
		Release|Any CPU = Release|Any CPU
		Release|x64 = Release|x64
		Release|x86 = Release|x86
	EndGlobalSection
	GlobalSection(SolutionProperties) = preSolution
		HideSolutionNode = FALSE
	EndGlobalSection
	GlobalSection(ProjectConfigurationPlatforms) = postSolution
		{D19B958F-2AFE-4C79-8FC3-7D8C3982921F}.Debug|Any CPU.ActiveCfg = Debug|Any CPU
		{D19B958F-2AFE-4C79-8FC3-7D8C3982921F}.Debug|Any CPU.Build.0 = Debug|Any CPU
		{D19B958F-2AFE-4C79-8FC3-7D8C3982921F}.Debug|x64.ActiveCfg = Debug|Any CPU
		{D19B958F-2AFE-4C79-8FC3-7D8C3982921F}.Debug|x64.Build.0 = Debug|Any CPU
		{D19B958F-2AFE-4C79-8FC3-7D8C3982921F}.Debug|x86.ActiveCfg = Debug|Any CPU
		{D19B958F-2AFE-4C79-8FC3-7D8C3982921F}.Debug|x86.Build.0 = Debug|Any CPU
		{D19B958F-2AFE-4C79-8FC3-7D8C3982921F}.Release|Any CPU.ActiveCfg = Release|Any CPU
		{D19B958F-2AFE-4C79-8FC3-7D8C3982921F}.Release|Any CPU.Build.0 = Release|Any CPU
		{D19B958F-2AFE-4C79-8FC3-7D8C3982921F}.Release|x64.ActiveCfg = Release|Any CPU
		{D19B958F-2AFE-4C79-8FC3-7D8C3982921F}.Release|x64.Build.0 = Release|Any CPU
		{D19B958F-2AFE-4C79-8FC3-7D8C3982921F}.Release|x86.ActiveCfg = Release|Any CPU
		{D19B958F-2AFE-4C79-8FC3-7D8C3982921F}.Release|x86.Build.0 = Release|Any CPU
		{A8BFBC0F-8C47-48DD-9084-5B1C557471AA}.Debug|Any CPU.ActiveCfg = Debug|Any CPU
		{A8BFBC0F-8C47-48DD-9084-5B1C557471AA}.Debug|Any CPU.Build.0 = Debug|Any CPU
		{A8BFBC0F-8C47-48DD-9084-5B1C557471AA}.Debug|x64.ActiveCfg = Debug|Any CPU
		{A8BFBC0F-8C47-48DD-9084-5B1C557471AA}.Debug|x64.Build.0 = Debug|Any CPU
		{A8BFBC0F-8C47-48DD-9084-5B1C557471AA}.Debug|x86.ActiveCfg = Debug|Any CPU
		{A8BFBC0F-8C47-48DD-9084-5B1C557471AA}.Debug|x86.Build.0 = Debug|Any CPU
		{A8BFBC0F-8C47-48DD-9084-5B1C557471AA}.Release|Any CPU.ActiveCfg = Release|Any CPU
		{A8BFBC0F-8C47-48DD-9084-5B1C557471AA}.Release|Any CPU.Build.0 = Release|Any CPU
		{A8BFBC0F-8C47-48DD-9084-5B1C557471AA}.Release|x64.ActiveCfg = Release|Any CPU
		{A8BFBC0F-8C47-48DD-9084-5B1C557471AA}.Release|x64.Build.0 = Release|Any CPU
		{A8BFBC0F-8C47-48DD-9084-5B1C557471AA}.Release|x86.ActiveCfg = Release|Any CPU
		{A8BFBC0F-8C47-48DD-9084-5B1C557471AA}.Release|x86.Build.0 = Release|Any CPU
		{7809EA34-D3DB-4F11-A2F2-9CD6826A888F}.Debug|Any CPU.ActiveCfg = Debug|Any CPU
		{7809EA34-D3DB-4F11-A2F2-9CD6826A888F}.Debug|Any CPU.Build.0 = Debug|Any CPU
		{7809EA34-D3DB-4F11-A2F2-9CD6826A888F}.Debug|x64.ActiveCfg = Debug|Any CPU
		{7809EA34-D3DB-4F11-A2F2-9CD6826A888F}.Debug|x64.Build.0 = Debug|Any CPU
		{7809EA34-D3DB-4F11-A2F2-9CD6826A888F}.Debug|x86.ActiveCfg = Debug|Any CPU
		{7809EA34-D3DB-4F11-A2F2-9CD6826A888F}.Debug|x86.Build.0 = Debug|Any CPU
		{7809EA34-D3DB-4F11-A2F2-9CD6826A888F}.Release|Any CPU.ActiveCfg = Release|Any CPU
		{7809EA34-D3DB-4F11-A2F2-9CD6826A888F}.Release|Any CPU.Build.0 = Release|Any CPU
		{7809EA34-D3DB-4F11-A2F2-9CD6826A888F}.Release|x64.ActiveCfg = Release|Any CPU
		{7809EA34-D3DB-4F11-A2F2-9CD6826A888F}.Release|x64.Build.0 = Release|Any CPU
		{7809EA34-D3DB-4F11-A2F2-9CD6826A888F}.Release|x86.ActiveCfg = Release|Any CPU
		{7809EA34-D3DB-4F11-A2F2-9CD6826A888F}.Release|x86.Build.0 = Release|Any CPU
		{D5A77D84-B9D6-4CDD-A8A8-272096479C2F}.Debug|Any CPU.ActiveCfg = Debug|Any CPU
		{D5A77D84-B9D6-4CDD-A8A8-272096479C2F}.Debug|Any CPU.Build.0 = Debug|Any CPU
		{D5A77D84-B9D6-4CDD-A8A8-272096479C2F}.Debug|x64.ActiveCfg = Debug|Any CPU
		{D5A77D84-B9D6-4CDD-A8A8-272096479C2F}.Debug|x64.Build.0 = Debug|Any CPU
		{D5A77D84-B9D6-4CDD-A8A8-272096479C2F}.Debug|x86.ActiveCfg = Debug|Any CPU
		{D5A77D84-B9D6-4CDD-A8A8-272096479C2F}.Debug|x86.Build.0 = Debug|Any CPU
		{D5A77D84-B9D6-4CDD-A8A8-272096479C2F}.Release|Any CPU.ActiveCfg = Release|Any CPU
		{D5A77D84-B9D6-4CDD-A8A8-272096479C2F}.Release|Any CPU.Build.0 = Release|Any CPU
		{D5A77D84-B9D6-4CDD-A8A8-272096479C2F}.Release|x64.ActiveCfg = Release|Any CPU
		{D5A77D84-B9D6-4CDD-A8A8-272096479C2F}.Release|x64.Build.0 = Release|Any CPU
		{D5A77D84-B9D6-4CDD-A8A8-272096479C2F}.Release|x86.ActiveCfg = Release|Any CPU
		{D5A77D84-B9D6-4CDD-A8A8-272096479C2F}.Release|x86.Build.0 = Release|Any CPU
	EndGlobalSection
EndGlobal
